{
    "_readme": [
        "This file locks the dependencies of your project to a known state",
        "Read more about it at https://getcomposer.org/doc/01-basic-usage.md#installing-dependencies",
        "This file is @generated automatically"
    ],
    "content-hash": "1dad5cb081065cf2a87610dd005e3b8c",
    "packages": [
        {
            "name": "dejurin/php-google-translate-for-free",
            "version": "1.0.0",
            "source": {
                "type": "git",
                "url": "https://github.com/dejurin/php-google-translate-for-free.git",
                "reference": "db5e3d0ac66e711dc41ed59618595aa3e3a7e475"
            },
            "dist": {
                "type": "zip",
                "url": "https://api.github.com/repos/dejurin/php-google-translate-for-free/zipball/db5e3d0ac66e711dc41ed59618595aa3e3a7e475",
                "reference": "db5e3d0ac66e711dc41ed59618595aa3e3a7e475",
                "shasum": ""
            },
            "require": {
                "php": ">=5.4"
            },
            "type": "library",
            "autoload": {
                "psr-4": {
                    "Dejurin\\": "src/"
                }
            },
            "notification-url": "https://packagist.org/downloads/",
            "license": [
                "GPL-3.0+"
            ],
            "description": "Library for free use Google Translator. With attempts connecting on failure and array support.",
            "homepage": "https://github.com/dejurin/php-google-translate-for-free",
            "keywords": [
                "api",
                "free",
                "google",
                "translate",
                "translator"
            ],
            "time": "2018-03-02T19:36:37+00:00"
        },
        {
            "name": "vkcom/vk-php-sdk",
            "version": "5.101.0",
            "source": {
                "type": "git",
                "url": "https://github.com/VKCOM/vk-php-sdk.git",
                "reference": "46a8f76503050c0c6730359fc234a4d6448b8653"
            },
            "dist": {
                "type": "zip",
                "url": "https://api.github.com/repos/VKCOM/vk-php-sdk/zipball/46a8f76503050c0c6730359fc234a4d6448b8653",
                "reference": "46a8f76503050c0c6730359fc234a4d6448b8653",
                "shasum": ""
            },
            "require": {
                "php": ">=7.1"
            },
            "require-dev": {
                "phpunit/phpunit": "^6",
                "vkcom/vk-api-schema": "^5.80.1"
            },
            "type": "library",
            "autoload": {
                "psr-4": {
                    "VK\\": "src/VK"
                }
            },
            "notification-url": "https://packagist.org/downloads/",
            "license": [
                "MIT"
            ],
            "description": "VK PHP SDK",
            "homepage": "https://github.com/VKCOM/vk-php-sdk",
            "keywords": [
                "sdk",
                "vk"
            ],
            "time": "2019-08-16T12:13:20+00:00"
        }
    ],
    "packages-dev": [],
    "aliases": [],
    "minimum-stability": "stable",
    "stability-flags": [],
    "prefer-stable": false,
    "prefer-lowest": false,
    "platform": {
        "ext-json": "*",
        "ext-mbstring": "*",
        "ext-curl": "*"
    },
    "platform-dev": [],
    "plugin-api-version": "1.1.0"
}
